// !$*UTF8*$!
{
	archiveVersion = 1;
	classes = {
	};
	objectVersion = 46;
	objects = {

/* Begin PBXBuildFile section */
		8C1306CD1C1BC43C00C57530 /* StoryParser.m in Sources */ = {isa = PBXBuildFile; fileRef = 8C1306CC1C1BC43C00C57530 /* StoryParser.m */; };
		8C1306D01C1BC6CE00C57530 /* EntityInteractionGroup.m in Sources */ = {isa = PBXBuildFile; fileRef = 8C1306CF1C1BC6CE00C57530 /* EntityInteractionGroup.m */; };
		8C1306D71C1BE2B600C57530 /* story.ltg in Resources */ = {isa = PBXBuildFile; fileRef = 8C1306D61C1BE2B600C57530 /* story.ltg */; };
		8C1306DA1C1CC49C00C57530 /* SpecialEvent.m in Sources */ = {isa = PBXBuildFile; fileRef = 8C1306D91C1CC49C00C57530 /* SpecialEvent.m */; };
		8C40EAB41C139E3E0053CBFE /* main.m in Sources */ = {isa = PBXBuildFile; fileRef = 8C40EAB31C139E3E0053CBFE /* main.m */; };
		8C40EAB71C139E3E0053CBFE /* AppDelegate.m in Sources */ = {isa = PBXBuildFile; fileRef = 8C40EAB61C139E3E0053CBFE /* AppDelegate.m */; };
		8C40EABA1C139E3E0053CBFE /* AutoGenGameScene.m in Sources */ = {isa = PBXBuildFile; fileRef = 8C40EAB91C139E3E0053CBFE /* AutoGenGameScene.m */; };
		8C40EABC1C139E3E0053CBFE /* AutoGenGameScene.sks in Resources */ = {isa = PBXBuildFile; fileRef = 8C40EABB1C139E3E0053CBFE /* AutoGenGameScene.sks */; };
		8C40EABF1C139E3E0053CBFE /* AutoGenGameViewController.m in Sources */ = {isa = PBXBuildFile; fileRef = 8C40EABE1C139E3E0053CBFE /* AutoGenGameViewController.m */; };
		8C40EAC41C139E3E0053CBFE /* Assets.xcassets in Resources */ = {isa = PBXBuildFile; fileRef = 8C40EAC31C139E3E0053CBFE /* Assets.xcassets */; };
		8C40EAC71C139E3E0053CBFE /* LaunchScreen.storyboard in Resources */ = {isa = PBXBuildFile; fileRef = 8C40EAC51C139E3E0053CBFE /* LaunchScreen.storyboard */; };
		8C40EAD21C139E3E0053CBFE /* LawTechSimTests.m in Sources */ = {isa = PBXBuildFile; fileRef = 8C40EAD11C139E3E0053CBFE /* LawTechSimTests.m */; };
		8C40EADF1C13A5BE0053CBFE /* GameViewController.m in Sources */ = {isa = PBXBuildFile; fileRef = 8C40EADE1C13A5BE0053CBFE /* GameViewController.m */; };
		8C40EAE21C13A6B80053CBFE /* GameScene.m in Sources */ = {isa = PBXBuildFile; fileRef = 8C40EAE11C13A6B80053CBFE /* GameScene.m */; };
		8C40EAE51C13FC350053CBFE /* JSTileMap.m in Sources */ = {isa = PBXBuildFile; fileRef = 8C40EAE41C13FC350053CBFE /* JSTileMap.m */; };
		8C40EAE81C13FC400053CBFE /* LFCGzipUtility.m in Sources */ = {isa = PBXBuildFile; fileRef = 8C40EAE71C13FC400053CBFE /* LFCGzipUtility.m */; };
		8C40EAEE1C13FD0E0053CBFE /* CharacterNode.m in Sources */ = {isa = PBXBuildFile; fileRef = 8C40EAED1C13FD0E0053CBFE /* CharacterNode.m */; };
		8C40EAF01C1409180053CBFE /* libz.tbd in Frameworks */ = {isa = PBXBuildFile; fileRef = 8C40EAEF1C1409180053CBFE /* libz.tbd */; };
		8C40EAFB1C1413C30053CBFE /* GameControlView.m in Sources */ = {isa = PBXBuildFile; fileRef = 8C40EAFA1C1413C30053CBFE /* GameControlView.m */; };
		8C6166F31C19019400A25573 /* Brad-SD.png in Resources */ = {isa = PBXBuildFile; fileRef = 8C6166CD1C19019400A25573 /* Brad-SD.png */; };
		8C6166F41C19019400A25573 /* Brad-SL.png in Resources */ = {isa = PBXBuildFile; fileRef = 8C6166CE1C19019400A25573 /* Brad-SL.png */; };
		8C6166F51C19019400A25573 /* Brad-SR.png in Resources */ = {isa = PBXBuildFile; fileRef = 8C6166CF1C19019400A25573 /* Brad-SR.png */; };
		8C6166F61C19019400A25573 /* Brad-SU.png in Resources */ = {isa = PBXBuildFile; fileRef = 8C6166D01C19019400A25573 /* Brad-SU.png */; };
		8C6166F71C19019400A25573 /* Brad-WD0.png in Resources */ = {isa = PBXBuildFile; fileRef = 8C6166D11C19019400A25573 /* Brad-WD0.png */; };
		8C6166F81C19019400A25573 /* Brad-WD1.png in Resources */ = {isa = PBXBuildFile; fileRef = 8C6166D21C19019400A25573 /* Brad-WD1.png */; };
		8C6166F91C19019400A25573 /* Brad-WL0.png in Resources */ = {isa = PBXBuildFile; fileRef = 8C6166D31C19019400A25573 /* Brad-WL0.png */; };
		8C6166FA1C19019400A25573 /* Brad-WL1.png in Resources */ = {isa = PBXBuildFile; fileRef = 8C6166D41C19019400A25573 /* Brad-WL1.png */; };
		8C6166FB1C19019400A25573 /* Brad-WR0.png in Resources */ = {isa = PBXBuildFile; fileRef = 8C6166D51C19019400A25573 /* Brad-WR0.png */; };
		8C6166FC1C19019400A25573 /* Brad-WR1.png in Resources */ = {isa = PBXBuildFile; fileRef = 8C6166D61C19019400A25573 /* Brad-WR1.png */; };
		8C6166FD1C19019400A25573 /* Brad-WU0.png in Resources */ = {isa = PBXBuildFile; fileRef = 8C6166D71C19019400A25573 /* Brad-WU0.png */; };
		8C6166FE1C19019400A25573 /* Brad-WU1.png in Resources */ = {isa = PBXBuildFile; fileRef = 8C6166D81C19019400A25573 /* Brad-WU1.png */; };
		8C6166FF1C19019400A25573 /* Main-SD.png in Resources */ = {isa = PBXBuildFile; fileRef = 8C6166DA1C19019400A25573 /* Main-SD.png */; };
		8C6167001C19019400A25573 /* Main-SL.png in Resources */ = {isa = PBXBuildFile; fileRef = 8C6166DB1C19019400A25573 /* Main-SL.png */; };
		8C6167011C19019400A25573 /* Main-SR.png in Resources */ = {isa = PBXBuildFile; fileRef = 8C6166DC1C19019400A25573 /* Main-SR.png */; };
		8C6167021C19019400A25573 /* Main-SU.png in Resources */ = {isa = PBXBuildFile; fileRef = 8C6166DD1C19019400A25573 /* Main-SU.png */; };
		8C6167031C19019400A25573 /* Main-WD0.png in Resources */ = {isa = PBXBuildFile; fileRef = 8C6166DE1C19019400A25573 /* Main-WD0.png */; };
		8C6167041C19019400A25573 /* Main-WD1.png in Resources */ = {isa = PBXBuildFile; fileRef = 8C6166DF1C19019400A25573 /* Main-WD1.png */; };
		8C6167051C19019400A25573 /* Main-WL0.png in Resources */ = {isa = PBXBuildFile; fileRef = 8C6166E01C19019400A25573 /* Main-WL0.png */; };
		8C6167061C19019400A25573 /* Main-WL1.png in Resources */ = {isa = PBXBuildFile; fileRef = 8C6166E11C19019400A25573 /* Main-WL1.png */; };
		8C6167071C19019400A25573 /* Main-WR0.png in Resources */ = {isa = PBXBuildFile; fileRef = 8C6166E21C19019400A25573 /* Main-WR0.png */; };
		8C6167081C19019400A25573 /* Main-WR1.png in Resources */ = {isa = PBXBuildFile; fileRef = 8C6166E31C19019400A25573 /* Main-WR1.png */; };
		8C6167091C19019400A25573 /* Main-WU0.png in Resources */ = {isa = PBXBuildFile; fileRef = 8C6166E41C19019400A25573 /* Main-WU0.png */; };
		8C61670A1C19019400A25573 /* Main-WU1.png in Resources */ = {isa = PBXBuildFile; fileRef = 8C6166E51C19019400A25573 /* Main-WU1.png */; };
		8C61670B1C19019400A25573 /* Sei-SD.png in Resources */ = {isa = PBXBuildFile; fileRef = 8C6166E71C19019400A25573 /* Sei-SD.png */; };
		8C61670C1C19019400A25573 /* Sei-SL.png in Resources */ = {isa = PBXBuildFile; fileRef = 8C6166E81C19019400A25573 /* Sei-SL.png */; };
		8C61670D1C19019400A25573 /* Sei-SR.png in Resources */ = {isa = PBXBuildFile; fileRef = 8C6166E91C19019400A25573 /* Sei-SR.png */; };
		8C61670E1C19019400A25573 /* Sei-SU.png in Resources */ = {isa = PBXBuildFile; fileRef = 8C6166EA1C19019400A25573 /* Sei-SU.png */; };
		8C61670F1C19019400A25573 /* Sei-WD0.png in Resources */ = {isa = PBXBuildFile; fileRef = 8C6166EB1C19019400A25573 /* Sei-WD0.png */; };
		8C6167101C19019400A25573 /* Sei-WD1.png in Resources */ = {isa = PBXBuildFile; fileRef = 8C6166EC1C19019400A25573 /* Sei-WD1.png */; };
		8C6167111C19019400A25573 /* Sei-WL0.png in Resources */ = {isa = PBXBuildFile; fileRef = 8C6166ED1C19019400A25573 /* Sei-WL0.png */; };
		8C6167121C19019400A25573 /* Sei-WL2.png in Resources */ = {isa = PBXBuildFile; fileRef = 8C6166EE1C19019400A25573 /* Sei-WL2.png */; };
		8C6167131C19019400A25573 /* Sei-WR0.png in Resources */ = {isa = PBXBuildFile; fileRef = 8C6166EF1C19019400A25573 /* Sei-WR0.png */; };
		8C6167141C19019400A25573 /* Sei-WR1.png in Resources */ = {isa = PBXBuildFile; fileRef = 8C6166F01C19019400A25573 /* Sei-WR1.png */; };
		8C6167151C19019400A25573 /* Sei-WU0.png in Resources */ = {isa = PBXBuildFile; fileRef = 8C6166F11C19019400A25573 /* Sei-WU0.png */; };
		8C6167161C19019400A25573 /* Sei-WU1.png in Resources */ = {isa = PBXBuildFile; fileRef = 8C6166F21C19019400A25573 /* Sei-WU1.png */; };
		8C6167191C1901AD00A25573 /* EntityNode.m in Sources */ = {isa = PBXBuildFile; fileRef = 8C6167181C1901AD00A25573 /* EntityNode.m */; };
		8CC7F2EE1C1AA8EC00B8B648 /* StoryStore.m in Sources */ = {isa = PBXBuildFile; fileRef = 8CC7F2ED1C1AA8EC00B8B648 /* StoryStore.m */; };
		8CC7F2F11C1AAEE400B8B648 /* EventSequence.m in Sources */ = {isa = PBXBuildFile; fileRef = 8CC7F2F01C1AAEE400B8B648 /* EventSequence.m */; };
		8CC7F2FD1C1AC32400B8B648 /* ChoiceEvent.m in Sources */ = {isa = PBXBuildFile; fileRef = 8CC7F2FC1C1AC32400B8B648 /* ChoiceEvent.m */; };
		8CC7F3001C1AC32C00B8B648 /* DialogueEvent.m in Sources */ = {isa = PBXBuildFile; fileRef = 8CC7F2FF1C1AC32C00B8B648 /* DialogueEvent.m */; };
		8CC7F3031C1AC33C00B8B648 /* FlagToggleEvent.m in Sources */ = {isa = PBXBuildFile; fileRef = 8CC7F3021C1AC33C00B8B648 /* FlagToggleEvent.m */; };
		8CFD662F1C18DBB5002C4B4E /* labelTileset.png in Resources */ = {isa = PBXBuildFile; fileRef = 8CFD662C1C18DBB5002C4B4E /* labelTileset.png */; };
		8CFD66311C18DBB5002C4B4E /* tileset.png in Resources */ = {isa = PBXBuildFile; fileRef = 8CFD662E1C18DBB5002C4B4E /* tileset.png */; };
		8CFD66351C18DDA0002C4B4E /* tilemap.tmx in Resources */ = {isa = PBXBuildFile; fileRef = 8CFD66341C18DDA0002C4B4E /* tilemap.tmx */; };
/* End PBXBuildFile section */

/* Begin PBXContainerItemProxy section */
		8C40EACE1C139E3E0053CBFE /* PBXContainerItemProxy */ = {
			isa = PBXContainerItemProxy;
			containerPortal = 8C40EAA71C139E3E0053CBFE /* Project object */;
			proxyType = 1;
			remoteGlobalIDString = 8C40EAAE1C139E3E0053CBFE;
			remoteInfo = LawTechSim;
		};
/* End PBXContainerItemProxy section */

/* Begin PBXFileReference section */
		8C1306C91C1B98C000C57530 /* EventProtocol.h */ = {isa = PBXFileReference; fileEncoding = 4; lastKnownFileType = sourcecode.c.h; path = EventProtocol.h; sourceTree = "<group>"; };
		8C1306CB1C1BC43C00C57530 /* StoryParser.h */ = {isa = PBXFileReference; fileEncoding = 4; lastKnownFileType = sourcecode.c.h; path = StoryParser.h; sourceTree = "<group>"; };
		8C1306CC1C1BC43C00C57530 /* StoryParser.m */ = {isa = PBXFileReference; fileEncoding = 4; lastKnownFileType = sourcecode.c.objc; path = StoryParser.m; sourceTree = "<group>"; };
		8C1306CE1C1BC6CE00C57530 /* EntityInteractionGroup.h */ = {isa = PBXFileReference; fileEncoding = 4; lastKnownFileType = sourcecode.c.h; path = EntityInteractionGroup.h; sourceTree = "<group>"; };
		8C1306CF1C1BC6CE00C57530 /* EntityInteractionGroup.m */ = {isa = PBXFileReference; fileEncoding = 4; lastKnownFileType = sourcecode.c.objc; path = EntityInteractionGroup.m; sourceTree = "<group>"; };
		8C1306D61C1BE2B600C57530 /* story.ltg */ = {isa = PBXFileReference; fileEncoding = 4; lastKnownFileType = text; path = story.ltg; sourceTree = "<group>"; };
		8C1306D81C1CC49C00C57530 /* SpecialEvent.h */ = {isa = PBXFileReference; fileEncoding = 4; lastKnownFileType = sourcecode.c.h; path = SpecialEvent.h; sourceTree = "<group>"; };
		8C1306D91C1CC49C00C57530 /* SpecialEvent.m */ = {isa = PBXFileReference; fileEncoding = 4; lastKnownFileType = sourcecode.c.objc; path = SpecialEvent.m; sourceTree = "<group>"; };
		8C40EAAF1C139E3E0053CBFE /* LawTechSim.app */ = {isa = PBXFileReference; explicitFileType = wrapper.application; includeInIndex = 0; path = LawTechSim.app; sourceTree = BUILT_PRODUCTS_DIR; };
		8C40EAB31C139E3E0053CBFE /* main.m */ = {isa = PBXFileReference; lastKnownFileType = sourcecode.c.objc; path = main.m; sourceTree = "<group>"; };
		8C40EAB51C139E3E0053CBFE /* AppDelegate.h */ = {isa = PBXFileReference; lastKnownFileType = sourcecode.c.h; path = AppDelegate.h; sourceTree = "<group>"; };
		8C40EAB61C139E3E0053CBFE /* AppDelegate.m */ = {isa = PBXFileReference; lastKnownFileType = sourcecode.c.objc; path = AppDelegate.m; sourceTree = "<group>"; };
		8C40EAB81C139E3E0053CBFE /* AutoGenGameScene.h */ = {isa = PBXFileReference; lastKnownFileType = sourcecode.c.h; path = AutoGenGameScene.h; sourceTree = "<group>"; };
		8C40EAB91C139E3E0053CBFE /* AutoGenGameScene.m */ = {isa = PBXFileReference; lastKnownFileType = sourcecode.c.objc; path = AutoGenGameScene.m; sourceTree = "<group>"; };
		8C40EABB1C139E3E0053CBFE /* AutoGenGameScene.sks */ = {isa = PBXFileReference; lastKnownFileType = file.sks; path = AutoGenGameScene.sks; sourceTree = "<group>"; };
		8C40EABD1C139E3E0053CBFE /* AutoGenGameViewController.h */ = {isa = PBXFileReference; lastKnownFileType = sourcecode.c.h; path = AutoGenGameViewController.h; sourceTree = "<group>"; };
		8C40EABE1C139E3E0053CBFE /* AutoGenGameViewController.m */ = {isa = PBXFileReference; lastKnownFileType = sourcecode.c.objc; path = AutoGenGameViewController.m; sourceTree = "<group>"; };
		8C40EAC31C139E3E0053CBFE /* Assets.xcassets */ = {isa = PBXFileReference; lastKnownFileType = folder.assetcatalog; path = Assets.xcassets; sourceTree = "<group>"; };
		8C40EAC61C139E3E0053CBFE /* Base */ = {isa = PBXFileReference; lastKnownFileType = file.storyboard; name = Base; path = Base.lproj/LaunchScreen.storyboard; sourceTree = "<group>"; };
		8C40EAC81C139E3E0053CBFE /* Info.plist */ = {isa = PBXFileReference; lastKnownFileType = text.plist.xml; path = Info.plist; sourceTree = "<group>"; };
		8C40EACD1C139E3E0053CBFE /* LawTechSimTests.xctest */ = {isa = PBXFileReference; explicitFileType = wrapper.cfbundle; includeInIndex = 0; path = LawTechSimTests.xctest; sourceTree = BUILT_PRODUCTS_DIR; };
		8C40EAD11C139E3E0053CBFE /* LawTechSimTests.m */ = {isa = PBXFileReference; lastKnownFileType = sourcecode.c.objc; path = LawTechSimTests.m; sourceTree = "<group>"; };
		8C40EAD31C139E3E0053CBFE /* Info.plist */ = {isa = PBXFileReference; lastKnownFileType = text.plist.xml; path = Info.plist; sourceTree = "<group>"; };
		8C40EADD1C13A5BE0053CBFE /* GameViewController.h */ = {isa = PBXFileReference; fileEncoding = 4; lastKnownFileType = sourcecode.c.h; path = GameViewController.h; sourceTree = "<group>"; };
		8C40EADE1C13A5BE0053CBFE /* GameViewController.m */ = {isa = PBXFileReference; fileEncoding = 4; lastKnownFileType = sourcecode.c.objc; path = GameViewController.m; sourceTree = "<group>"; };
		8C40EAE01C13A6B80053CBFE /* GameScene.h */ = {isa = PBXFileReference; fileEncoding = 4; lastKnownFileType = sourcecode.c.h; path = GameScene.h; sourceTree = "<group>"; };
		8C40EAE11C13A6B80053CBFE /* GameScene.m */ = {isa = PBXFileReference; fileEncoding = 4; lastKnownFileType = sourcecode.c.objc; path = GameScene.m; sourceTree = "<group>"; };
		8C40EAE31C13FC350053CBFE /* JSTileMap.h */ = {isa = PBXFileReference; fileEncoding = 4; lastKnownFileType = sourcecode.c.h; path = JSTileMap.h; sourceTree = "<group>"; };
		8C40EAE41C13FC350053CBFE /* JSTileMap.m */ = {isa = PBXFileReference; fileEncoding = 4; lastKnownFileType = sourcecode.c.objc; path = JSTileMap.m; sourceTree = "<group>"; };
		8C40EAE61C13FC400053CBFE /* LFCGzipUtility.h */ = {isa = PBXFileReference; fileEncoding = 4; lastKnownFileType = sourcecode.c.h; path = LFCGzipUtility.h; sourceTree = "<group>"; };
		8C40EAE71C13FC400053CBFE /* LFCGzipUtility.m */ = {isa = PBXFileReference; fileEncoding = 4; lastKnownFileType = sourcecode.c.objc; path = LFCGzipUtility.m; sourceTree = "<group>"; };
		8C40EAEC1C13FD0E0053CBFE /* CharacterNode.h */ = {isa = PBXFileReference; fileEncoding = 4; lastKnownFileType = sourcecode.c.h; path = CharacterNode.h; sourceTree = "<group>"; };
		8C40EAED1C13FD0E0053CBFE /* CharacterNode.m */ = {isa = PBXFileReference; fileEncoding = 4; lastKnownFileType = sourcecode.c.objc; path = CharacterNode.m; sourceTree = "<group>"; };
		8C40EAEF1C1409180053CBFE /* libz.tbd */ = {isa = PBXFileReference; lastKnownFileType = "sourcecode.text-based-dylib-definition"; name = libz.tbd; path = usr/lib/libz.tbd; sourceTree = SDKROOT; };
		8C40EAF91C1413C30053CBFE /* GameControlView.h */ = {isa = PBXFileReference; fileEncoding = 4; lastKnownFileType = sourcecode.c.h; path = GameControlView.h; sourceTree = "<group>"; };
		8C40EAFA1C1413C30053CBFE /* GameControlView.m */ = {isa = PBXFileReference; fileEncoding = 4; lastKnownFileType = sourcecode.c.objc; path = GameControlView.m; sourceTree = "<group>"; };
		8C6166CD1C19019400A25573 /* Brad-SD.png */ = {isa = PBXFileReference; lastKnownFileType = image.png; path = "Brad-SD.png"; sourceTree = "<group>"; };
		8C6166CE1C19019400A25573 /* Brad-SL.png */ = {isa = PBXFileReference; lastKnownFileType = image.png; path = "Brad-SL.png"; sourceTree = "<group>"; };
		8C6166CF1C19019400A25573 /* Brad-SR.png */ = {isa = PBXFileReference; lastKnownFileType = image.png; path = "Brad-SR.png"; sourceTree = "<group>"; };
		8C6166D01C19019400A25573 /* Brad-SU.png */ = {isa = PBXFileReference; lastKnownFileType = image.png; path = "Brad-SU.png"; sourceTree = "<group>"; };
		8C6166D11C19019400A25573 /* Brad-WD0.png */ = {isa = PBXFileReference; lastKnownFileType = image.png; path = "Brad-WD0.png"; sourceTree = "<group>"; };
		8C6166D21C19019400A25573 /* Brad-WD1.png */ = {isa = PBXFileReference; lastKnownFileType = image.png; path = "Brad-WD1.png"; sourceTree = "<group>"; };
		8C6166D31C19019400A25573 /* Brad-WL0.png */ = {isa = PBXFileReference; lastKnownFileType = image.png; path = "Brad-WL0.png"; sourceTree = "<group>"; };
		8C6166D41C19019400A25573 /* Brad-WL1.png */ = {isa = PBXFileReference; lastKnownFileType = image.png; path = "Brad-WL1.png"; sourceTree = "<group>"; };
		8C6166D51C19019400A25573 /* Brad-WR0.png */ = {isa = PBXFileReference; lastKnownFileType = image.png; path = "Brad-WR0.png"; sourceTree = "<group>"; };
		8C6166D61C19019400A25573 /* Brad-WR1.png */ = {isa = PBXFileReference; lastKnownFileType = image.png; path = "Brad-WR1.png"; sourceTree = "<group>"; };
		8C6166D71C19019400A25573 /* Brad-WU0.png */ = {isa = PBXFileReference; lastKnownFileType = image.png; path = "Brad-WU0.png"; sourceTree = "<group>"; };
		8C6166D81C19019400A25573 /* Brad-WU1.png */ = {isa = PBXFileReference; lastKnownFileType = image.png; path = "Brad-WU1.png"; sourceTree = "<group>"; };
		8C6166DA1C19019400A25573 /* Main-SD.png */ = {isa = PBXFileReference; lastKnownFileType = image.png; path = "Main-SD.png"; sourceTree = "<group>"; };
		8C6166DB1C19019400A25573 /* Main-SL.png */ = {isa = PBXFileReference; lastKnownFileType = image.png; path = "Main-SL.png"; sourceTree = "<group>"; };
		8C6166DC1C19019400A25573 /* Main-SR.png */ = {isa = PBXFileReference; lastKnownFileType = image.png; path = "Main-SR.png"; sourceTree = "<group>"; };
		8C6166DD1C19019400A25573 /* Main-SU.png */ = {isa = PBXFileReference; lastKnownFileType = image.png; path = "Main-SU.png"; sourceTree = "<group>"; };
		8C6166DE1C19019400A25573 /* Main-WD0.png */ = {isa = PBXFileReference; lastKnownFileType = image.png; path = "Main-WD0.png"; sourceTree = "<group>"; };
		8C6166DF1C19019400A25573 /* Main-WD1.png */ = {isa = PBXFileReference; lastKnownFileType = image.png; path = "Main-WD1.png"; sourceTree = "<group>"; };
		8C6166E01C19019400A25573 /* Main-WL0.png */ = {isa = PBXFileReference; lastKnownFileType = image.png; path = "Main-WL0.png"; sourceTree = "<group>"; };
		8C6166E11C19019400A25573 /* Main-WL1.png */ = {isa = PBXFileReference; lastKnownFileType = image.png; path = "Main-WL1.png"; sourceTree = "<group>"; };
		8C6166E21C19019400A25573 /* Main-WR0.png */ = {isa = PBXFileReference; lastKnownFileType = image.png; path = "Main-WR0.png"; sourceTree = "<group>"; };
		8C6166E31C19019400A25573 /* Main-WR1.png */ = {isa = PBXFileReference; lastKnownFileType = image.png; path = "Main-WR1.png"; sourceTree = "<group>"; };
		8C6166E41C19019400A25573 /* Main-WU0.png */ = {isa = PBXFileReference; lastKnownFileType = image.png; path = "Main-WU0.png"; sourceTree = "<group>"; };
		8C6166E51C19019400A25573 /* Main-WU1.png */ = {isa = PBXFileReference; lastKnownFileType = image.png; path = "Main-WU1.png"; sourceTree = "<group>"; };
		8C6166E71C19019400A25573 /* Sei-SD.png */ = {isa = PBXFileReference; lastKnownFileType = image.png; path = "Sei-SD.png"; sourceTree = "<group>"; };
		8C6166E81C19019400A25573 /* Sei-SL.png */ = {isa = PBXFileReference; lastKnownFileType = image.png; path = "Sei-SL.png"; sourceTree = "<group>"; };
		8C6166E91C19019400A25573 /* Sei-SR.png */ = {isa = PBXFileReference; lastKnownFileType = image.png; path = "Sei-SR.png"; sourceTree = "<group>"; };
		8C6166EA1C19019400A25573 /* Sei-SU.png */ = {isa = PBXFileReference; lastKnownFileType = image.png; path = "Sei-SU.png"; sourceTree = "<group>"; };
		8C6166EB1C19019400A25573 /* Sei-WD0.png */ = {isa = PBXFileReference; lastKnownFileType = image.png; path = "Sei-WD0.png"; sourceTree = "<group>"; };
		8C6166EC1C19019400A25573 /* Sei-WD1.png */ = {isa = PBXFileReference; lastKnownFileType = image.png; path = "Sei-WD1.png"; sourceTree = "<group>"; };
		8C6166ED1C19019400A25573 /* Sei-WL0.png */ = {isa = PBXFileReference; lastKnownFileType = image.png; path = "Sei-WL0.png"; sourceTree = "<group>"; };
		8C6166EE1C19019400A25573 /* Sei-WL2.png */ = {isa = PBXFileReference; lastKnownFileType = image.png; path = "Sei-WL2.png"; sourceTree = "<group>"; };
		8C6166EF1C19019400A25573 /* Sei-WR0.png */ = {isa = PBXFileReference; lastKnownFileType = image.png; path = "Sei-WR0.png"; sourceTree = "<group>"; };
		8C6166F01C19019400A25573 /* Sei-WR1.png */ = {isa = PBXFileReference; lastKnownFileType = image.png; path = "Sei-WR1.png"; sourceTree = "<group>"; };
		8C6166F11C19019400A25573 /* Sei-WU0.png */ = {isa = PBXFileReference; lastKnownFileType = image.png; path = "Sei-WU0.png"; sourceTree = "<group>"; };
		8C6166F21C19019400A25573 /* Sei-WU1.png */ = {isa = PBXFileReference; lastKnownFileType = image.png; path = "Sei-WU1.png"; sourceTree = "<group>"; };
		8C6167171C1901AD00A25573 /* EntityNode.h */ = {isa = PBXFileReference; fileEncoding = 4; lastKnownFileType = sourcecode.c.h; path = EntityNode.h; sourceTree = "<group>"; };
		8C6167181C1901AD00A25573 /* EntityNode.m */ = {isa = PBXFileReference; fileEncoding = 4; lastKnownFileType = sourcecode.c.objc; path = EntityNode.m; sourceTree = "<group>"; };
		8CC7F2EC1C1AA8EC00B8B648 /* StoryStore.h */ = {isa = PBXFileReference; fileEncoding = 4; lastKnownFileType = sourcecode.c.h; path = StoryStore.h; sourceTree = "<group>"; };
		8CC7F2ED1C1AA8EC00B8B648 /* StoryStore.m */ = {isa = PBXFileReference; fileEncoding = 4; lastKnownFileType = sourcecode.c.objc; path = StoryStore.m; sourceTree = "<group>"; };
		8CC7F2EF1C1AAEE400B8B648 /* EventSequence.h */ = {isa = PBXFileReference; fileEncoding = 4; lastKnownFileType = sourcecode.c.h; path = EventSequence.h; sourceTree = "<group>"; };
		8CC7F2F01C1AAEE400B8B648 /* EventSequence.m */ = {isa = PBXFileReference; fileEncoding = 4; lastKnownFileType = sourcecode.c.objc; path = EventSequence.m; sourceTree = "<group>"; };
		8CC7F2FB1C1AC32400B8B648 /* ChoiceEvent.h */ = {isa = PBXFileReference; fileEncoding = 4; lastKnownFileType = sourcecode.c.h; path = ChoiceEvent.h; sourceTree = "<group>"; };
		8CC7F2FC1C1AC32400B8B648 /* ChoiceEvent.m */ = {isa = PBXFileReference; fileEncoding = 4; lastKnownFileType = sourcecode.c.objc; path = ChoiceEvent.m; sourceTree = "<group>"; };
		8CC7F2FE1C1AC32C00B8B648 /* DialogueEvent.h */ = {isa = PBXFileReference; fileEncoding = 4; lastKnownFileType = sourcecode.c.h; path = DialogueEvent.h; sourceTree = "<group>"; };
		8CC7F2FF1C1AC32C00B8B648 /* DialogueEvent.m */ = {isa = PBXFileReference; fileEncoding = 4; lastKnownFileType = sourcecode.c.objc; path = DialogueEvent.m; sourceTree = "<group>"; };
		8CC7F3011C1AC33C00B8B648 /* FlagToggleEvent.h */ = {isa = PBXFileReference; fileEncoding = 4; lastKnownFileType = sourcecode.c.h; path = FlagToggleEvent.h; sourceTree = "<group>"; };
		8CC7F3021C1AC33C00B8B648 /* FlagToggleEvent.m */ = {isa = PBXFileReference; fileEncoding = 4; lastKnownFileType = sourcecode.c.objc; path = FlagToggleEvent.m; sourceTree = "<group>"; };
		8CFD662C1C18DBB5002C4B4E /* labelTileset.png */ = {isa = PBXFileReference; lastKnownFileType = image.png; path = labelTileset.png; sourceTree = "<group>"; };
		8CFD662E1C18DBB5002C4B4E /* tileset.png */ = {isa = PBXFileReference; lastKnownFileType = image.png; path = tileset.png; sourceTree = "<group>"; };
		8CFD66341C18DDA0002C4B4E /* tilemap.tmx */ = {isa = PBXFileReference; fileEncoding = 4; lastKnownFileType = text.xml; path = tilemap.tmx; sourceTree = "<group>"; };
/* End PBXFileReference section */

/* Begin PBXFrameworksBuildPhase section */
		8C40EAAC1C139E3E0053CBFE /* Frameworks */ = {
			isa = PBXFrameworksBuildPhase;
			buildActionMask = 2147483647;
			files = (
				8C40EAF01C1409180053CBFE /* libz.tbd in Frameworks */,
			);
			runOnlyForDeploymentPostprocessing = 0;
		};
		8C40EACA1C139E3E0053CBFE /* Frameworks */ = {
			isa = PBXFrameworksBuildPhase;
			buildActionMask = 2147483647;
			files = (
			);
			runOnlyForDeploymentPostprocessing = 0;
		};
/* End PBXFrameworksBuildPhase section */

/* Begin PBXGroup section */
		8C1306CA1C1BA2B100C57530 /* Events */ = {
			isa = PBXGroup;
			children = (
				8C1306C91C1B98C000C57530 /* EventProtocol.h */,
				8CC7F2FB1C1AC32400B8B648 /* ChoiceEvent.h */,
				8CC7F2FC1C1AC32400B8B648 /* ChoiceEvent.m */,
				8CC7F2FE1C1AC32C00B8B648 /* DialogueEvent.h */,
				8CC7F2FF1C1AC32C00B8B648 /* DialogueEvent.m */,
				8CC7F3011C1AC33C00B8B648 /* FlagToggleEvent.h */,
				8CC7F3021C1AC33C00B8B648 /* FlagToggleEvent.m */,
				8C1306D81C1CC49C00C57530 /* SpecialEvent.h */,
				8C1306D91C1CC49C00C57530 /* SpecialEvent.m */,
			);
			name = Events;
			sourceTree = "<group>";
		};
		8C40EAA61C139E3E0053CBFE = {
			isa = PBXGroup;
			children = (
				8C40EAB11C139E3E0053CBFE /* LawTechSim */,
				8C40EAD01C139E3E0053CBFE /* LawTechSimTests */,
				8C40EAB01C139E3E0053CBFE /* Products */,
				8C40EAF11C1409350053CBFE /* Frameworks */,
			);
			sourceTree = "<group>";
		};
		8C40EAB01C139E3E0053CBFE /* Products */ = {
			isa = PBXGroup;
			children = (
				8C40EAAF1C139E3E0053CBFE /* LawTechSim.app */,
				8C40EACD1C139E3E0053CBFE /* LawTechSimTests.xctest */,
			);
			name = Products;
			sourceTree = "<group>";
		};
		8C40EAB11C139E3E0053CBFE /* LawTechSim */ = {
			isa = PBXGroup;
			children = (
				8C40EAB51C139E3E0053CBFE /* AppDelegate.h */,
				8C40EAB61C139E3E0053CBFE /* AppDelegate.m */,
				8C40EADD1C13A5BE0053CBFE /* GameViewController.h */,
				8C40EADE1C13A5BE0053CBFE /* GameViewController.m */,
				8C40EAF81C1413180053CBFE /* Scenes */,
				8C40EAF71C1412FE0053CBFE /* Nodes */,
				8C40EAFC1C1413D30053CBFE /* Views */,
				8C40EAC31C139E3E0053CBFE /* Assets.xcassets */,
				8C40EAC51C139E3E0053CBFE /* LaunchScreen.storyboard */,
				8C40EAC81C139E3E0053CBFE /* Info.plist */,
				8CC7F3041C1AC4BD00B8B648 /* StoryStore */,
				8C6166CB1C19019400A25573 /* SpriteAssets */,
				8CFD662B1C18DBB5002C4B4E /* TMXAssets */,
				8C40EAE91C13FC450053CBFE /* External */,
				8C40EADC1C13A5060053CBFE /* AutoGen SceneKit Proj */,
				8C40EAB21C139E3E0053CBFE /* Supporting Files */,
			);
			path = LawTechSim;
			sourceTree = "<group>";
		};
		8C40EAB21C139E3E0053CBFE /* Supporting Files */ = {
			isa = PBXGroup;
			children = (
				8C1306D61C1BE2B600C57530 /* story.ltg */,
				8C40EAB31C139E3E0053CBFE /* main.m */,
			);
			name = "Supporting Files";
			sourceTree = "<group>";
		};
		8C40EAD01C139E3E0053CBFE /* LawTechSimTests */ = {
			isa = PBXGroup;
			children = (
				8C40EAD11C139E3E0053CBFE /* LawTechSimTests.m */,
				8C40EAD31C139E3E0053CBFE /* Info.plist */,
			);
			path = LawTechSimTests;
			sourceTree = "<group>";
		};
		8C40EADC1C13A5060053CBFE /* AutoGen SceneKit Proj */ = {
			isa = PBXGroup;
			children = (
				8C40EABD1C139E3E0053CBFE /* AutoGenGameViewController.h */,
				8C40EABE1C139E3E0053CBFE /* AutoGenGameViewController.m */,
				8C40EAB81C139E3E0053CBFE /* AutoGenGameScene.h */,
				8C40EAB91C139E3E0053CBFE /* AutoGenGameScene.m */,
				8C40EABB1C139E3E0053CBFE /* AutoGenGameScene.sks */,
			);
			name = "AutoGen SceneKit Proj";
			sourceTree = "<group>";
		};
		8C40EAE91C13FC450053CBFE /* External */ = {
			isa = PBXGroup;
			children = (
				8C40EAE31C13FC350053CBFE /* JSTileMap.h */,
				8C40EAE41C13FC350053CBFE /* JSTileMap.m */,
				8C40EAE61C13FC400053CBFE /* LFCGzipUtility.h */,
				8C40EAE71C13FC400053CBFE /* LFCGzipUtility.m */,
			);
			name = External;
			sourceTree = "<group>";
		};
		8C40EAF11C1409350053CBFE /* Frameworks */ = {
			isa = PBXGroup;
			children = (
				8C40EAEF1C1409180053CBFE /* libz.tbd */,
			);
			name = Frameworks;
			sourceTree = "<group>";
		};
		8C40EAF71C1412FE0053CBFE /* Nodes */ = {
			isa = PBXGroup;
			children = (
				8C6167171C1901AD00A25573 /* EntityNode.h */,
				8C6167181C1901AD00A25573 /* EntityNode.m */,
				8C40EAEC1C13FD0E0053CBFE /* CharacterNode.h */,
				8C40EAED1C13FD0E0053CBFE /* CharacterNode.m */,
			);
			name = Nodes;
			sourceTree = "<group>";
		};
		8C40EAF81C1413180053CBFE /* Scenes */ = {
			isa = PBXGroup;
			children = (
				8C40EAE01C13A6B80053CBFE /* GameScene.h */,
				8C40EAE11C13A6B80053CBFE /* GameScene.m */,
			);
			name = Scenes;
			sourceTree = "<group>";
		};
		8C40EAFC1C1413D30053CBFE /* Views */ = {
			isa = PBXGroup;
			children = (
				8C40EAF91C1413C30053CBFE /* GameControlView.h */,
				8C40EAFA1C1413C30053CBFE /* GameControlView.m */,
			);
			name = Views;
			sourceTree = "<group>";
		};
		8C6166CB1C19019400A25573 /* SpriteAssets */ = {
			isa = PBXGroup;
			children = (
				8C6166CC1C19019400A25573 /* Brad */,
				8C6166D91C19019400A25573 /* Main */,
				8C6166E61C19019400A25573 /* Sei */,
			);
			path = SpriteAssets;
			sourceTree = "<group>";
		};
		8C6166CC1C19019400A25573 /* Brad */ = {
			isa = PBXGroup;
			children = (
				8C6166CD1C19019400A25573 /* Brad-SD.png */,
				8C6166CE1C19019400A25573 /* Brad-SL.png */,
				8C6166CF1C19019400A25573 /* Brad-SR.png */,
				8C6166D01C19019400A25573 /* Brad-SU.png */,
				8C6166D11C19019400A25573 /* Brad-WD0.png */,
				8C6166D21C19019400A25573 /* Brad-WD1.png */,
				8C6166D31C19019400A25573 /* Brad-WL0.png */,
				8C6166D41C19019400A25573 /* Brad-WL1.png */,
				8C6166D51C19019400A25573 /* Brad-WR0.png */,
				8C6166D61C19019400A25573 /* Brad-WR1.png */,
				8C6166D71C19019400A25573 /* Brad-WU0.png */,
				8C6166D81C19019400A25573 /* Brad-WU1.png */,
			);
			path = Brad;
			sourceTree = "<group>";
		};
		8C6166D91C19019400A25573 /* Main */ = {
			isa = PBXGroup;
			children = (
				8C6166DA1C19019400A25573 /* Main-SD.png */,
				8C6166DB1C19019400A25573 /* Main-SL.png */,
				8C6166DC1C19019400A25573 /* Main-SR.png */,
				8C6166DD1C19019400A25573 /* Main-SU.png */,
				8C6166DE1C19019400A25573 /* Main-WD0.png */,
				8C6166DF1C19019400A25573 /* Main-WD1.png */,
				8C6166E01C19019400A25573 /* Main-WL0.png */,
				8C6166E11C19019400A25573 /* Main-WL1.png */,
				8C6166E21C19019400A25573 /* Main-WR0.png */,
				8C6166E31C19019400A25573 /* Main-WR1.png */,
				8C6166E41C19019400A25573 /* Main-WU0.png */,
				8C6166E51C19019400A25573 /* Main-WU1.png */,
			);
			path = Main;
			sourceTree = "<group>";
		};
		8C6166E61C19019400A25573 /* Sei */ = {
			isa = PBXGroup;
			children = (
				8C6166E71C19019400A25573 /* Sei-SD.png */,
				8C6166E81C19019400A25573 /* Sei-SL.png */,
				8C6166E91C19019400A25573 /* Sei-SR.png */,
				8C6166EA1C19019400A25573 /* Sei-SU.png */,
				8C6166EB1C19019400A25573 /* Sei-WD0.png */,
				8C6166EC1C19019400A25573 /* Sei-WD1.png */,
				8C6166ED1C19019400A25573 /* Sei-WL0.png */,
				8C6166EE1C19019400A25573 /* Sei-WL2.png */,
				8C6166EF1C19019400A25573 /* Sei-WR0.png */,
				8C6166F01C19019400A25573 /* Sei-WR1.png */,
				8C6166F11C19019400A25573 /* Sei-WU0.png */,
				8C6166F21C19019400A25573 /* Sei-WU1.png */,
			);
			path = Sei;
			sourceTree = "<group>";
		};
		8CC7F3041C1AC4BD00B8B648 /* StoryStore */ = {
			isa = PBXGroup;
			children = (
				8CC7F2EC1C1AA8EC00B8B648 /* StoryStore.h */,
				8CC7F2ED1C1AA8EC00B8B648 /* StoryStore.m */,
				8C1306CE1C1BC6CE00C57530 /* EntityInteractionGroup.h */,
				8C1306CF1C1BC6CE00C57530 /* EntityInteractionGroup.m */,
				8CC7F2EF1C1AAEE400B8B648 /* EventSequence.h */,
				8CC7F2F01C1AAEE400B8B648 /* EventSequence.m */,
				8C1306CB1C1BC43C00C57530 /* StoryParser.h */,
				8C1306CC1C1BC43C00C57530 /* StoryParser.m */,
				8C1306CA1C1BA2B100C57530 /* Events */,
			);
			name = StoryStore;
			sourceTree = "<group>";
		};
		8CFD662B1C18DBB5002C4B4E /* TMXAssets */ = {
			isa = PBXGroup;
			children = (
				8CFD66341C18DDA0002C4B4E /* tilemap.tmx */,
				8CFD662C1C18DBB5002C4B4E /* labelTileset.png */,
				8CFD662E1C18DBB5002C4B4E /* tileset.png */,
			);
			path = TMXAssets;
			sourceTree = "<group>";
		};
/* End PBXGroup section */

/* Begin PBXNativeTarget section */
		8C40EAAE1C139E3E0053CBFE /* LawTechSim */ = {
			isa = PBXNativeTarget;
			buildConfigurationList = 8C40EAD61C139E3E0053CBFE /* Build configuration list for PBXNativeTarget "LawTechSim" */;
			buildPhases = (
				8C40EAAB1C139E3E0053CBFE /* Sources */,
				8C40EAAC1C139E3E0053CBFE /* Frameworks */,
				8C40EAAD1C139E3E0053CBFE /* Resources */,
			);
			buildRules = (
			);
			dependencies = (
			);
			name = LawTechSim;
			productName = LawTechSim;
			productReference = 8C40EAAF1C139E3E0053CBFE /* LawTechSim.app */;
			productType = "com.apple.product-type.application";
		};
		8C40EACC1C139E3E0053CBFE /* LawTechSimTests */ = {
			isa = PBXNativeTarget;
			buildConfigurationList = 8C40EAD91C139E3E0053CBFE /* Build configuration list for PBXNativeTarget "LawTechSimTests" */;
			buildPhases = (
				8C40EAC91C139E3E0053CBFE /* Sources */,
				8C40EACA1C139E3E0053CBFE /* Frameworks */,
				8C40EACB1C139E3E0053CBFE /* Resources */,
			);
			buildRules = (
			);
			dependencies = (
				8C40EACF1C139E3E0053CBFE /* PBXTargetDependency */,
			);
			name = LawTechSimTests;
			productName = LawTechSimTests;
			productReference = 8C40EACD1C139E3E0053CBFE /* LawTechSimTests.xctest */;
			productType = "com.apple.product-type.bundle.unit-test";
		};
/* End PBXNativeTarget section */

/* Begin PBXProject section */
		8C40EAA71C139E3E0053CBFE /* Project object */ = {
			isa = PBXProject;
			attributes = {
				LastUpgradeCheck = 0710;
				ORGANIZATIONNAME = "Leo Shimonaka";
				TargetAttributes = {
					8C40EAAE1C139E3E0053CBFE = {
						CreatedOnToolsVersion = 7.1.1;
						DevelopmentTeam = 253GEY2C88;
					};
					8C40EACC1C139E3E0053CBFE = {
						CreatedOnToolsVersion = 7.1.1;
						TestTargetID = 8C40EAAE1C139E3E0053CBFE;
					};
				};
			};
			buildConfigurationList = 8C40EAAA1C139E3E0053CBFE /* Build configuration list for PBXProject "LawTechSim" */;
			compatibilityVersion = "Xcode 3.2";
			developmentRegion = English;
			hasScannedForEncodings = 0;
			knownRegions = (
				en,
				Base,
			);
			mainGroup = 8C40EAA61C139E3E0053CBFE;
			productRefGroup = 8C40EAB01C139E3E0053CBFE /* Products */;
			projectDirPath = "";
			projectRoot = "";
			targets = (
				8C40EAAE1C139E3E0053CBFE /* LawTechSim */,
				8C40EACC1C139E3E0053CBFE /* LawTechSimTests */,
			);
		};
/* End PBXProject section */

/* Begin PBXResourcesBuildPhase section */
		8C40EAAD1C139E3E0053CBFE /* Resources */ = {
			isa = PBXResourcesBuildPhase;
			buildActionMask = 2147483647;
			files = (
				8C61670A1C19019400A25573 /* Main-WU1.png in Resources */,
				8C6167091C19019400A25573 /* Main-WU0.png in Resources */,
				8C6167051C19019400A25573 /* Main-WL0.png in Resources */,
				8C6167151C19019400A25573 /* Sei-WU0.png in Resources */,
				8C6166F61C19019400A25573 /* Brad-SU.png in Resources */,
				8C40EABC1C139E3E0053CBFE /* AutoGenGameScene.sks in Resources */,
				8C6166FF1C19019400A25573 /* Main-SD.png in Resources */,
				8C6167001C19019400A25573 /* Main-SL.png in Resources */,
				8C6166F91C19019400A25573 /* Brad-WL0.png in Resources */,
				8C6167131C19019400A25573 /* Sei-WR0.png in Resources */,
				8C40EAC71C139E3E0053CBFE /* LaunchScreen.storyboard in Resources */,
				8C6167081C19019400A25573 /* Main-WR1.png in Resources */,
				8C61670C1C19019400A25573 /* Sei-SL.png in Resources */,
				8C6167021C19019400A25573 /* Main-SU.png in Resources */,
				8CFD66351C18DDA0002C4B4E /* tilemap.tmx in Resources */,
				8C6167121C19019400A25573 /* Sei-WL2.png in Resources */,
				8C6166FB1C19019400A25573 /* Brad-WR0.png in Resources */,
				8C61670F1C19019400A25573 /* Sei-WD0.png in Resources */,
				8C6166F41C19019400A25573 /* Brad-SL.png in Resources */,
				8C6166F81C19019400A25573 /* Brad-WD1.png in Resources */,
				8C61670D1C19019400A25573 /* Sei-SR.png in Resources */,
				8C61670E1C19019400A25573 /* Sei-SU.png in Resources */,
				8C6167031C19019400A25573 /* Main-WD0.png in Resources */,
				8C6166FE1C19019400A25573 /* Brad-WU1.png in Resources */,
				8C6166F51C19019400A25573 /* Brad-SR.png in Resources */,
				8C6166FD1C19019400A25573 /* Brad-WU0.png in Resources */,
				8C6166F31C19019400A25573 /* Brad-SD.png in Resources */,
				8C40EAC41C139E3E0053CBFE /* Assets.xcassets in Resources */,
				8C61670B1C19019400A25573 /* Sei-SD.png in Resources */,
				8C6166F71C19019400A25573 /* Brad-WD0.png in Resources */,
				8C6167061C19019400A25573 /* Main-WL1.png in Resources */,
				8C6167141C19019400A25573 /* Sei-WR1.png in Resources */,
				8CFD66311C18DBB5002C4B4E /* tileset.png in Resources */,
				8C6167071C19019400A25573 /* Main-WR0.png in Resources */,
				8CFD662F1C18DBB5002C4B4E /* labelTileset.png in Resources */,
				8C1306D71C1BE2B600C57530 /* story.ltg in Resources */,
				8C6167011C19019400A25573 /* Main-SR.png in Resources */,
				8C6167101C19019400A25573 /* Sei-WD1.png in Resources */,
				8C6167111C19019400A25573 /* Sei-WL0.png in Resources */,
				8C6167041C19019400A25573 /* Main-WD1.png in Resources */,
				8C6166FA1C19019400A25573 /* Brad-WL1.png in Resources */,
				8C6166FC1C19019400A25573 /* Brad-WR1.png in Resources */,
				8C6167161C19019400A25573 /* Sei-WU1.png in Resources */,
			);
			runOnlyForDeploymentPostprocessing = 0;
		};
		8C40EACB1C139E3E0053CBFE /* Resources */ = {
			isa = PBXResourcesBuildPhase;
			buildActionMask = 2147483647;
			files = (
			);
			runOnlyForDeploymentPostprocessing = 0;
		};
/* End PBXResourcesBuildPhase section */

/* Begin PBXSourcesBuildPhase section */
		8C40EAAB1C139E3E0053CBFE /* Sources */ = {
			isa = PBXSourcesBuildPhase;
			buildActionMask = 2147483647;
			files = (
				8C40EAEE1C13FD0E0053CBFE /* CharacterNode.m in Sources */,
				8C40EADF1C13A5BE0053CBFE /* GameViewController.m in Sources */,
				8C1306DA1C1CC49C00C57530 /* SpecialEvent.m in Sources */,
				8C40EAFB1C1413C30053CBFE /* GameControlView.m in Sources */,
				8C40EABF1C139E3E0053CBFE /* AutoGenGameViewController.m in Sources */,
				8C40EAB71C139E3E0053CBFE /* AppDelegate.m in Sources */,
				8CC7F3001C1AC32C00B8B648 /* DialogueEvent.m in Sources */,
				8C6167191C1901AD00A25573 /* EntityNode.m in Sources */,
				8C40EAE51C13FC350053CBFE /* JSTileMap.m in Sources */,
				8C40EABA1C139E3E0053CBFE /* AutoGenGameScene.m in Sources */,
				8CC7F2EE1C1AA8EC00B8B648 /* StoryStore.m in Sources */,
				8CC7F2FD1C1AC32400B8B648 /* ChoiceEvent.m in Sources */,
				8C40EAE21C13A6B80053CBFE /* GameScene.m in Sources */,
				8CC7F3031C1AC33C00B8B648 /* FlagToggleEvent.m in Sources */,
				8C40EAE81C13FC400053CBFE /* LFCGzipUtility.m in Sources */,
				8CC7F2F11C1AAEE400B8B648 /* EventSequence.m in Sources */,
				8C1306D01C1BC6CE00C57530 /* EntityInteractionGroup.m in Sources */,
				8C1306CD1C1BC43C00C57530 /* StoryParser.m in Sources */,
				8C40EAB41C139E3E0053CBFE /* main.m in Sources */,
			);
			runOnlyForDeploymentPostprocessing = 0;
		};
		8C40EAC91C139E3E0053CBFE /* Sources */ = {
			isa = PBXSourcesBuildPhase;
			buildActionMask = 2147483647;
			files = (
				8C40EAD21C139E3E0053CBFE /* LawTechSimTests.m in Sources */,
			);
			runOnlyForDeploymentPostprocessing = 0;
		};
/* End PBXSourcesBuildPhase section */

/* Begin PBXTargetDependency section */
		8C40EACF1C139E3E0053CBFE /* PBXTargetDependency */ = {
			isa = PBXTargetDependency;
			target = 8C40EAAE1C139E3E0053CBFE /* LawTechSim */;
			targetProxy = 8C40EACE1C139E3E0053CBFE /* PBXContainerItemProxy */;
		};
/* End PBXTargetDependency section */

/* Begin PBXVariantGroup section */
		8C40EAC51C139E3E0053CBFE /* LaunchScreen.storyboard */ = {
			isa = PBXVariantGroup;
			children = (
				8C40EAC61C139E3E0053CBFE /* Base */,
			);
			name = LaunchScreen.storyboard;
			sourceTree = "<group>";
		};
/* End PBXVariantGroup section */

/* Begin XCBuildConfiguration section */
		8C40EAD41C139E3E0053CBFE /* Debug */ = {
			isa = XCBuildConfiguration;
			buildSettings = {
				ALWAYS_SEARCH_USER_PATHS = NO;
				CLANG_CXX_LANGUAGE_STANDARD = "gnu++0x";
				CLANG_CXX_LIBRARY = "libc++";
				CLANG_ENABLE_MODULES = YES;
				CLANG_ENABLE_OBJC_ARC = YES;
				CLANG_WARN_BOOL_CONVERSION = YES;
				CLANG_WARN_CONSTANT_CONVERSION = YES;
				CLANG_WARN_DIRECT_OBJC_ISA_USAGE = YES_ERROR;
				CLANG_WARN_EMPTY_BODY = YES;
				CLANG_WARN_ENUM_CONVERSION = YES;
				CLANG_WARN_INT_CONVERSION = YES;
				CLANG_WARN_OBJC_ROOT_CLASS = YES_ERROR;
				CLANG_WARN_UNREACHABLE_CODE = YES;
				CLANG_WARN__DUPLICATE_METHOD_MATCH = YES;
				"CODE_SIGN_IDENTITY[sdk=iphoneos*]" = "iPhone Developer";
				COPY_PHASE_STRIP = NO;
				DEBUG_INFORMATION_FORMAT = "dwarf-with-dsym";
				ENABLE_STRICT_OBJC_MSGSEND = YES;
				ENABLE_TESTABILITY = YES;
				GCC_C_LANGUAGE_STANDARD = gnu99;
				GCC_DYNAMIC_NO_PIC = NO;
				GCC_NO_COMMON_BLOCKS = YES;
				GCC_OPTIMIZATION_LEVEL = 0;
				GCC_PREPROCESSOR_DEFINITIONS = (
					"DEBUG=1",
					"$(inherited)",
				);
				GCC_WARN_64_TO_32_BIT_CONVERSION = YES;
				GCC_WARN_ABOUT_RETURN_TYPE = YES_ERROR;
				GCC_WARN_UNDECLARED_SELECTOR = YES;
				GCC_WARN_UNINITIALIZED_AUTOS = YES_AGGRESSIVE;
				GCC_WARN_UNUSED_FUNCTION = YES;
				GCC_WARN_UNUSED_VARIABLE = YES;
				IPHONEOS_DEPLOYMENT_TARGET = 9.1;
				MTL_ENABLE_DEBUG_INFO = YES;
				ONLY_ACTIVE_ARCH = YES;
				SDKROOT = iphoneos;
				TARGETED_DEVICE_FAMILY = "1,2";
			};
			name = Debug;
		};
		8C40EAD51C139E3E0053CBFE /* Release */ = {
			isa = XCBuildConfiguration;
			buildSettings = {
				ALWAYS_SEARCH_USER_PATHS = NO;
				CLANG_CXX_LANGUAGE_STANDARD = "gnu++0x";
				CLANG_CXX_LIBRARY = "libc++";
				CLANG_ENABLE_MODULES = YES;
				CLANG_ENABLE_OBJC_ARC = YES;
				CLANG_WARN_BOOL_CONVERSION = YES;
				CLANG_WARN_CONSTANT_CONVERSION = YES;
				CLANG_WARN_DIRECT_OBJC_ISA_USAGE = YES_ERROR;
				CLANG_WARN_EMPTY_BODY = YES;
				CLANG_WARN_ENUM_CONVERSION = YES;
				CLANG_WARN_INT_CONVERSION = YES;
				CLANG_WARN_OBJC_ROOT_CLASS = YES_ERROR;
				CLANG_WARN_UNREACHABLE_CODE = YES;
				CLANG_WARN__DUPLICATE_METHOD_MATCH = YES;
				"CODE_SIGN_IDENTITY[sdk=iphoneos*]" = "iPhone Developer";
				COPY_PHASE_STRIP = NO;
				DEBUG_INFORMATION_FORMAT = "dwarf-with-dsym";
				ENABLE_NS_ASSERTIONS = NO;
				ENABLE_STRICT_OBJC_MSGSEND = YES;
				GCC_C_LANGUAGE_STANDARD = gnu99;
				GCC_NO_COMMON_BLOCKS = YES;
				GCC_WARN_64_TO_32_BIT_CONVERSION = YES;
				GCC_WARN_ABOUT_RETURN_TYPE = YES_ERROR;
				GCC_WARN_UNDECLARED_SELECTOR = YES;
				GCC_WARN_UNINITIALIZED_AUTOS = YES_AGGRESSIVE;
				GCC_WARN_UNUSED_FUNCTION = YES;
				GCC_WARN_UNUSED_VARIABLE = YES;
				IPHONEOS_DEPLOYMENT_TARGET = 9.1;
				MTL_ENABLE_DEBUG_INFO = NO;
				SDKROOT = iphoneos;
				TARGETED_DEVICE_FAMILY = "1,2";
				VALIDATE_PRODUCT = YES;
			};
			name = Release;
		};
		8C40EAD71C139E3E0053CBFE /* Debug */ = {
			isa = XCBuildConfiguration;
			buildSettings = {
				ASSETCATALOG_COMPILER_APPICON_NAME = AppIcon;
				CODE_SIGN_IDENTITY = "iPhone Developer";
				"CODE_SIGN_IDENTITY[sdk=iphoneos*]" = "iPhone Developer";
				INFOPLIST_FILE = LawTechSim/Info.plist;
				LD_RUNPATH_SEARCH_PATHS = "$(inherited) @executable_path/Frameworks";
				PRODUCT_BUNDLE_IDENTIFIER = com.leoshimonaka.LawTechSim;
				PRODUCT_NAME = "$(TARGET_NAME)";
				PROVISIONING_PROFILE = "";
			};
			name = Debug;
		};
		8C40EAD81C139E3E0053CBFE /* Release */ = {
			isa = XCBuildConfiguration;
			buildSettings = {
				ASSETCATALOG_COMPILER_APPICON_NAME = AppIcon;
				CODE_SIGN_IDENTITY = "iPhone Developer";
				"CODE_SIGN_IDENTITY[sdk=iphoneos*]" = "iPhone Developer";
				INFOPLIST_FILE = LawTechSim/Info.plist;
				LD_RUNPATH_SEARCH_PATHS = "$(inherited) @executable_path/Frameworks";
				PRODUCT_BUNDLE_IDENTIFIER = com.leoshimonaka.LawTechSim;
				PRODUCT_NAME = "$(TARGET_NAME)";
				PROVISIONING_PROFILE = "";
			};
			name = Release;
		};
		8C40EADA1C139E3E0053CBFE /* Debug */ = {
			isa = XCBuildConfiguration;
			buildSettings = {
				BUNDLE_LOADER = "$(TEST_HOST)";
				DEBUG_INFORMATION_FORMAT = dwarf;
				INFOPLIST_FILE = LawTechSimTests/Info.plist;
				LD_RUNPATH_SEARCH_PATHS = "$(inherited) @executable_path/Frameworks @loader_path/Frameworks";
				PRODUCT_BUNDLE_IDENTIFIER = com.leoshimonaka.LawTechSimTests;
				PRODUCT_NAME = "$(TARGET_NAME)";
				TEST_HOST = "$(BUILT_PRODUCTS_DIR)/LawTechSim.app/LawTechSim";
			};
			name = Debug;
		};
		8C40EADB1C139E3E0053CBFE /* Release */ = {
			isa = XCBuildConfiguration;
			buildSettings = {
				BUNDLE_LOADER = "$(TEST_HOST)";
				INFOPLIST_FILE = LawTechSimTests/Info.plist;
				LD_RUNPATH_SEARCH_PATHS = "$(inherited) @executable_path/Frameworks @loader_path/Frameworks";
				PRODUCT_BUNDLE_IDENTIFIER = com.leoshimonaka.LawTechSimTests;
				PRODUCT_NAME = "$(TARGET_NAME)";
				TEST_HOST = "$(BUILT_PRODUCTS_DIR)/LawTechSim.app/LawTechSim";
			};
			name = Release;
		};
/* End XCBuildConfiguration section */

/* Begin XCConfigurationList section */
		8C40EAAA1C139E3E0053CBFE /* Build configuration list for PBXProject "LawTechSim" */ = {
			isa = XCConfigurationList;
			buildConfigurations = (
				8C40EAD41C139E3E0053CBFE /* Debug */,
				8C40EAD51C139E3E0053CBFE /* Release */,
			);
			defaultConfigurationIsVisible = 0;
			defaultConfigurationName = Release;
		};
		8C40EAD61C139E3E0053CBFE /* Build configuration list for PBXNativeTarget "LawTechSim" */ = {
			isa = XCConfigurationList;
			buildConfigurations = (
				8C40EAD71C139E3E0053CBFE /* Debug */,
				8C40EAD81C139E3E0053CBFE /* Release */,
			);
			defaultConfigurationIsVisible = 0;
			defaultConfigurationName = Release;
		};
		8C40EAD91C139E3E0053CBFE /* Build configuration list for PBXNativeTarget "LawTechSimTests" */ = {
			isa = XCConfigurationList;
			buildConfigurations = (
				8C40EADA1C139E3E0053CBFE /* Debug */,
				8C40EADB1C139E3E0053CBFE /* Release */,
			);
			defaultConfigurationIsVisible = 0;
			defaultConfigurationName = Release;
		};
/* End XCConfigurationList section */
	};
	rootObject = 8C40EAA71C139E3E0053CBFE /* Project object */;
}
